{
  "name": "Projet Flask à envoyer",
  "lockfileVersion": 3,
  "requires": true,
  "packages": {
    "": {
      "devDependencies": {
        "builtin-modules": "^5.0.0"
      }
    },
    "node_modules/builtin-modules": {
      "version": "5.0.0",
      "resolved": "https://registry.npmjs.org/builtin-modules/-/builtin-modules-5.0.0.tgz",
      "integrity": "sha512-bkXY9WsVpY7CvMhKSR6pZilZu9Ln5WDrKVBUXf2S443etkmEO4V58heTecXcUIsNsi4Rx8JUO4NfX1IcQl4deg==",
      "dev": true,
      "license": "MIT",
      "engines": {
        "node": ">=18.20"
      },
      "funding": {
        "url": "https://github.com/sponsors/sindresorhus"
      }
    }
  }
}
